%{
  "ex_phone_number": {:hex, :ex_phone_number, "0.1.1", "3c36fdd48b6c88c5daa17f3fd27973742627578fa6664161306c51ce74a3b477", [:mix], [{:sweet_xml, "~> 0.6.5", [hex: :sweet_xml, repo: "hexpm", optional: false]}], "hexpm"},
  "nimble_csv": {:hex, :nimble_csv, "0.5.0", "616dfbcd5954102b02f000b1c77cd211d0cd4eed08e1ea675c25b1f9ff689dd0", [:mix], [], "hexpm"},
  "nimble_parsec": {:git, "https://github.com/plataformatec/nimble_parsec", "ff2e555714688ba3c67f233079c0c1b3e97891ff", []},
  "sweet_xml": {:hex, :sweet_xml, "0.6.5", "dd9cde443212b505d1b5f9758feb2000e66a14d3c449f04c572f3048c66e6697", [:mix], [], "hexpm"},
}
